
Microsoft Visual Studio Solution File, Format Version 12.00
# Visual Studio 15
VisualStudioVersion = 15.0.28307.168
MinimumVisualStudioVersion = 10.0.40219.1
Project("{FAE04EC0-301F-11D3-BF4B-00C04F79EFBC}") = "HCCustomers", "HCCustomers\HCCustomers.csproj", "{358D976E-46DA-4E26-BF27-DF99AC83E66E}"
EndProject
Global
	GlobalSection(SolutionConfigurationPlatforms) = preSolution
		Debug|Any CPU = Debug|Any CPU
		Release|Any CPU = Release|Any CPU
	EndGlobalSection
	GlobalSection(ProjectConfigurationPlatforms) = postSolution
		{358D976E-46DA-4E26-BF27-DF99AC83E66E}.Debug|Any CPU.ActiveCfg = Debug|Any CPU
		{358D976E-46DA-4E26-BF27-DF99AC83E66E}.Debug|Any CPU.Build.0 = Debug|Any CPU
		{358D976E-46DA-4E26-BF27-DF99AC83E66E}.Release|Any CPU.ActiveCfg = Release|Any CPU
		{358D976E-46DA-4E26-BF27-DF99AC83E66E}.Release|Any CPU.Build.0 = Release|Any CPU
	EndGlobalSection
	GlobalSection(SolutionProperties) = preSolution
		HideSolutionNode = FALSE
	EndGlobalSection
	GlobalSection(ExtensibilityGlobals) = postSolution
		SolutionGuid = {0EE868A7-24CD-4963-8181-D2637DA8045D}
	EndGlobalSection
EndGlobal
